
Microsoft Visual Studio Solution File, Format Version 12.00
# Visual Studio Version 17
VisualStudioVersion = 17.11.35327.3
MinimumVisualStudioVersion = 10.0.40219.1
Project("{FAE04EC0-301F-11D3-BF4B-00C04F79EFBC}") = "TDDCodeKata", "TDDCodeKata\TDDCodeKata.csproj", "{C419C7B5-ECF0-498C-AFC4-424FBC1644B8}"
EndProject
Project("{FAE04EC0-301F-11D3-BF4B-00C04F79EFBC}") = "Tests", "Tests\Tests.csproj", "{ACE0F1E2-C6AA-46D5-BA24-7ADB8EB15215}"
EndProject
Global
	GlobalSection(SolutionConfigurationPlatforms) = preSolution
		Debug|Any CPU = Debug|Any CPU
		Release|Any CPU = Release|Any CPU
	EndGlobalSection
	GlobalSection(ProjectConfigurationPlatforms) = postSolution
		{C419C7B5-ECF0-498C-AFC4-424FBC1644B8}.Debug|Any CPU.ActiveCfg = Debug|Any CPU
		{C419C7B5-ECF0-498C-AFC4-424FBC1644B8}.Debug|Any CPU.Build.0 = Debug|Any CPU
		{C419C7B5-ECF0-498C-AFC4-424FBC1644B8}.Release|Any CPU.ActiveCfg = Release|Any CPU
		{C419C7B5-ECF0-498C-AFC4-424FBC1644B8}.Release|Any CPU.Build.0 = Release|Any CPU
		{ACE0F1E2-C6AA-46D5-BA24-7ADB8EB15215}.Debug|Any CPU.ActiveCfg = Debug|Any CPU
		{ACE0F1E2-C6AA-46D5-BA24-7ADB8EB15215}.Debug|Any CPU.Build.0 = Debug|Any CPU
		{ACE0F1E2-C6AA-46D5-BA24-7ADB8EB15215}.Release|Any CPU.ActiveCfg = Release|Any CPU
		{ACE0F1E2-C6AA-46D5-BA24-7ADB8EB15215}.Release|Any CPU.Build.0 = Release|Any CPU
	EndGlobalSection
	GlobalSection(SolutionProperties) = preSolution
		HideSolutionNode = FALSE
	EndGlobalSection
	GlobalSection(ExtensibilityGlobals) = postSolution
		SolutionGuid = {6F354C24-52D6-4287-9375-00E673381205}
	EndGlobalSection
EndGlobal
